
Microsoft Visual Studio Solution File, Format Version 12.00
# Visual Studio Version 17
VisualStudioVersion = 17.5.33530.505
MinimumVisualStudioVersion = 10.0.40219.1
Project("{FAE04EC0-301F-11D3-BF4B-00C04F79EFBC}") = "Hamburger Builder", "Hamburger Builder\Hamburger Builder.csproj", "{2C7D9D64-6782-4C70-BA3F-1FA889FE0FA2}"
EndProject
Project("{FAE04EC0-301F-11D3-BF4B-00C04F79EFBC}") = "Super Unique Decorator", "Super Unique Decorator\Super Unique Decorator.csproj", "{A5365E1F-BC9D-4D7B-B47B-E13474354483}"
EndProject
Project("{FAE04EC0-301F-11D3-BF4B-00C04F79EFBC}") = "Camera State", "Camera State\Camera State.csproj", "{C8DEEBA1-8F79-4043-B410-456FE47914AE}"
EndProject
Global
	GlobalSection(SolutionConfigurationPlatforms) = preSolution
		Debug|Any CPU = Debug|Any CPU
		Release|Any CPU = Release|Any CPU
	EndGlobalSection
	GlobalSection(ProjectConfigurationPlatforms) = postSolution
		{2C7D9D64-6782-4C70-BA3F-1FA889FE0FA2}.Debug|Any CPU.ActiveCfg = Debug|Any CPU
		{2C7D9D64-6782-4C70-BA3F-1FA889FE0FA2}.Debug|Any CPU.Build.0 = Debug|Any CPU
		{2C7D9D64-6782-4C70-BA3F-1FA889FE0FA2}.Release|Any CPU.ActiveCfg = Release|Any CPU
		{2C7D9D64-6782-4C70-BA3F-1FA889FE0FA2}.Release|Any CPU.Build.0 = Release|Any CPU
		{A5365E1F-BC9D-4D7B-B47B-E13474354483}.Debug|Any CPU.ActiveCfg = Debug|Any CPU
		{A5365E1F-BC9D-4D7B-B47B-E13474354483}.Debug|Any CPU.Build.0 = Debug|Any CPU
		{A5365E1F-BC9D-4D7B-B47B-E13474354483}.Release|Any CPU.ActiveCfg = Release|Any CPU
		{A5365E1F-BC9D-4D7B-B47B-E13474354483}.Release|Any CPU.Build.0 = Release|Any CPU
		{C8DEEBA1-8F79-4043-B410-456FE47914AE}.Debug|Any CPU.ActiveCfg = Debug|Any CPU
		{C8DEEBA1-8F79-4043-B410-456FE47914AE}.Debug|Any CPU.Build.0 = Debug|Any CPU
		{C8DEEBA1-8F79-4043-B410-456FE47914AE}.Release|Any CPU.ActiveCfg = Release|Any CPU
		{C8DEEBA1-8F79-4043-B410-456FE47914AE}.Release|Any CPU.Build.0 = Release|Any CPU
	EndGlobalSection
	GlobalSection(SolutionProperties) = preSolution
		HideSolutionNode = FALSE
	EndGlobalSection
	GlobalSection(ExtensibilityGlobals) = postSolution
		SolutionGuid = {3FBC73F4-17F6-4C02-B7FB-A606AC24FF24}
	EndGlobalSection
EndGlobal
